sonata_block:
    context_manager: sonata.page.block.context_manager
    default_contexts: [sonata_page_bundle]
    blocks:
        sonata.admin.block.admin_list:
            contexts: [admin]
        sonata.admin.block.search_result:
            contexts: [admin]

#        # PageBundle's Blocks
#        sonata.page.block.container:
#            contexts: [sonata_page_bundle]
#        sonata.page.block.ajax:
#            contexts: [sonata_page_bundle]
#        sonata.page.block.context_manager:
#            contexts: [sonata_page_bundle]
        page.block.site_variable:
            contexts: [cms]

        # AppBundle's Blocks
        app.block.service.header:
            contexts: [cms]
        app.block.service.footer:
            contexts: [cms]
#        app.block.service.get_state_value:
#            contexts: [cms]

        # GenreBundle Block's
        genre.block.list_genge:
            contexts: [cms]
#
#        # UserBundle's Blocks
#        sonata.user.block.account: # used to display menu option (login option)
#            contexts: [user]
#            cache: sonata.page.cache.js_async
#        sonata.user.block.menu: # used to display the menu in profile pages
#            contexts: [user]